// !$*UTF8*$!
{
	archiveVersion = 1;
	classes = {
	};
	objectVersion = 46;
	objects = {

/* Begin PBXBuildFile section */
		FB09ACE31F5FE9B300482345 /* main.m in Sources */ = {isa = PBXBuildFile; fileRef = FB09ACE21F5FE9B300482345 /* main.m */; };
		FB09ACE61F5FE9B300482345 /* AppDelegate.m in Sources */ = {isa = PBXBuildFile; fileRef = FB09ACE51F5FE9B300482345 /* AppDelegate.m */; };
		FB09ACE91F5FE9B300482345 /* ViewController.m in Sources */ = {isa = PBXBuildFile; fileRef = FB09ACE81F5FE9B300482345 /* ViewController.m */; };
		FB09ACEC1F5FE9B300482345 /* Main.storyboard in Resources */ = {isa = PBXBuildFile; fileRef = FB09ACEA1F5FE9B300482345 /* Main.storyboard */; };
		FB09ACEE1F5FE9B300482345 /* Assets.xcassets in Resources */ = {isa = PBXBuildFile; fileRef = FB09ACED1F5FE9B300482345 /* Assets.xcassets */; };
		FB09ACF11F5FE9B300482345 /* LaunchScreen.storyboard in Resources */ = {isa = PBXBuildFile; fileRef = FB09ACEF1F5FE9B300482345 /* LaunchScreen.storyboard */; };
		FB09ACFC1F5FE9B300482345 /* testTests.m in Sources */ = {isa = PBXBuildFile; fileRef = FB09ACFB1F5FE9B300482345 /* testTests.m */; };
		FB09AD071F5FE9B300482345 /* testUITests.m in Sources */ = {isa = PBXBuildFile; fileRef = FB09AD061F5FE9B300482345 /* testUITests.m */; };
		FB09AD191F5FEFC700482345 /* testViewController.m in Sources */ = {isa = PBXBuildFile; fileRef = FB09AD181F5FEFC700482345 /* testViewController.m */; };
/* End PBXBuildFile section */

/* Begin PBXContainerItemProxy section */
		FB09ACF81F5FE9B300482345 /* PBXContainerItemProxy */ = {
			isa = PBXContainerItemProxy;
			containerPortal = FB09ACD61F5FE9B300482345 /* Project object */;
			proxyType = 1;
			remoteGlobalIDString = FB09ACDD1F5FE9B300482345;
			remoteInfo = test;
		};
		FB09AD031F5FE9B300482345 /* PBXContainerItemProxy */ = {
			isa = PBXContainerItemProxy;
			containerPortal = FB09ACD61F5FE9B300482345 /* Project object */;
			proxyType = 1;
			remoteGlobalIDString = FB09ACDD1F5FE9B300482345;
			remoteInfo = test;
		};
/* End PBXContainerItemProxy section */

/* Begin PBXFileReference section */
		FB09ACDE1F5FE9B300482345 /* test.app */ = {isa = PBXFileReference; explicitFileType = wrapper.application; includeInIndex = 0; path = test.app; sourceTree = BUILT_PRODUCTS_DIR; };
		FB09ACE21F5FE9B300482345 /* main.m */ = {isa = PBXFileReference; lastKnownFileType = sourcecode.c.objc; path = main.m; sourceTree = "<group>"; };
		FB09ACE41F5FE9B300482345 /* AppDelegate.h */ = {isa = PBXFileReference; lastKnownFileType = sourcecode.c.h; path = AppDelegate.h; sourceTree = "<group>"; };
		FB09ACE51F5FE9B300482345 /* AppDelegate.m */ = {isa = PBXFileReference; lastKnownFileType = sourcecode.c.objc; path = AppDelegate.m; sourceTree = "<group>"; };
		FB09ACE71F5FE9B300482345 /* ViewController.h */ = {isa = PBXFileReference; lastKnownFileType = sourcecode.c.h; path = ViewController.h; sourceTree = "<group>"; };
		FB09ACE81F5FE9B300482345 /* ViewController.m */ = {isa = PBXFileReference; lastKnownFileType = sourcecode.c.objc; path = ViewController.m; sourceTree = "<group>"; };
		FB09ACEB1F5FE9B300482345 /* Base */ = {isa = PBXFileReference; lastKnownFileType = file.storyboard; name = Base; path = Base.lproj/Main.storyboard; sourceTree = "<group>"; };
		FB09ACED1F5FE9B300482345 /* Assets.xcassets */ = {isa = PBXFileReference; lastKnownFileType = folder.assetcatalog; path = Assets.xcassets; sourceTree = "<group>"; };
		FB09ACF01F5FE9B300482345 /* Base */ = {isa = PBXFileReference; lastKnownFileType = file.storyboard; name = Base; path = Base.lproj/LaunchScreen.storyboard; sourceTree = "<group>"; };
		FB09ACF21F5FE9B300482345 /* Info.plist */ = {isa = PBXFileReference; lastKnownFileType = text.plist.xml; path = Info.plist; sourceTree = "<group>"; };
		FB09ACF71F5FE9B300482345 /* testTests.xctest */ = {isa = PBXFileReference; explicitFileType = wrapper.cfbundle; includeInIndex = 0; path = testTests.xctest; sourceTree = BUILT_PRODUCTS_DIR; };
		FB09ACFB1F5FE9B300482345 /* testTests.m */ = {isa = PBXFileReference; lastKnownFileType = sourcecode.c.objc; path = testTests.m; sourceTree = "<group>"; };
		FB09ACFD1F5FE9B300482345 /* Info.plist */ = {isa = PBXFileReference; lastKnownFileType = text.plist.xml; path = Info.plist; sourceTree = "<group>"; };
		FB09AD021F5FE9B300482345 /* testUITests.xctest */ = {isa = PBXFileReference; explicitFileType = wrapper.cfbundle; includeInIndex = 0; path = testUITests.xctest; sourceTree = BUILT_PRODUCTS_DIR; };
		FB09AD061F5FE9B300482345 /* testUITests.m */ = {isa = PBXFileReference; lastKnownFileType = sourcecode.c.objc; path = testUITests.m; sourceTree = "<group>"; };
		FB09AD081F5FE9B300482345 /* Info.plist */ = {isa = PBXFileReference; lastKnownFileType = text.plist.xml; path = Info.plist; sourceTree = "<group>"; };
		FB09AD171F5FEFC700482345 /* testViewController.h */ = {isa = PBXFileReference; fileEncoding = 4; lastKnownFileType = sourcecode.c.h; path = testViewController.h; sourceTree = "<group>"; };
		FB09AD181F5FEFC700482345 /* testViewController.m */ = {isa = PBXFileReference; fileEncoding = 4; lastKnownFileType = sourcecode.c.objc; path = testViewController.m; sourceTree = "<group>"; };
/* End PBXFileReference section */

/* Begin PBXFrameworksBuildPhase section */
		FB09ACDB1F5FE9B300482345 /* Frameworks */ = {
			isa = PBXFrameworksBuildPhase;
			buildActionMask = 2147483647;
			files = (
			);
			runOnlyForDeploymentPostprocessing = 0;
		};
		FB09ACF41F5FE9B300482345 /* Frameworks */ = {
			isa = PBXFrameworksBuildPhase;
			buildActionMask = 2147483647;
			files = (
			);
			runOnlyForDeploymentPostprocessing = 0;
		};
		FB09ACFF1F5FE9B300482345 /* Frameworks */ = {
			isa = PBXFrameworksBuildPhase;
			buildActionMask = 2147483647;
			files = (
			);
			runOnlyForDeploymentPostprocessing = 0;
		};
/* End PBXFrameworksBuildPhase section */

/* Begin PBXGroup section */
		FB09ACD51F5FE9B300482345 = {
			isa = PBXGroup;
			children = (
				FB09ACE01F5FE9B300482345 /* test */,
				FB09ACFA1F5FE9B300482345 /* testTests */,
				FB09AD051F5FE9B300482345 /* testUITests */,
				FB09ACDF1F5FE9B300482345 /* Products */,
			);
			sourceTree = "<group>";
		};
		FB09ACDF1F5FE9B300482345 /* Products */ = {
			isa = PBXGroup;
			children = (
				FB09ACDE1F5FE9B300482345 /* test.app */,
				FB09ACF71F5FE9B300482345 /* testTests.xctest */,
				FB09AD021F5FE9B300482345 /* testUITests.xctest */,
			);
			name = Products;
			sourceTree = "<group>";
		};
		FB09ACE01F5FE9B300482345 /* test */ = {
			isa = PBXGroup;
			children = (
				FB09ACE41F5FE9B300482345 /* AppDelegate.h */,
				FB09ACE51F5FE9B300482345 /* AppDelegate.m */,
				FB09ACE71F5FE9B300482345 /* ViewController.h */,
				FB09ACE81F5FE9B300482345 /* ViewController.m */,
				FB09AD171F5FEFC700482345 /* testViewController.h */,
				FB09AD181F5FEFC700482345 /* testViewController.m */,
				FB09ACE11F5FE9B300482345 /* Supporting Files */,
			);
			path = test;
			sourceTree = "<group>";
		};
		FB09ACE11F5FE9B300482345 /* Supporting Files */ = {
			isa = PBXGroup;
			children = (
				FB09ACEA1F5FE9B300482345 /* Main.storyboard */,
				FB09ACED1F5FE9B300482345 /* Assets.xcassets */,
				FB09ACEF1F5FE9B300482345 /* LaunchScreen.storyboard */,
				FB09ACF21F5FE9B300482345 /* Info.plist */,
				FB09ACE21F5FE9B300482345 /* main.m */,
			);
			name = "Supporting Files";
			sourceTree = "<group>";
		};
		FB09ACFA1F5FE9B300482345 /* testTests */ = {
			isa = PBXGroup;
			children = (
				FB09ACFB1F5FE9B300482345 /* testTests.m */,
				FB09ACFD1F5FE9B300482345 /* Info.plist */,
			);
			path = testTests;
			sourceTree = "<group>";
		};
		FB09AD051F5FE9B300482345 /* testUITests */ = {
			isa = PBXGroup;
			children = (
				FB09AD061F5FE9B300482345 /* testUITests.m */,
				FB09AD081F5FE9B300482345 /* Info.plist */,
			);
			path = testUITests;
			sourceTree = "<group>";
		};
/* End PBXGroup section */

/* Begin PBXNativeTarget section */
		FB09ACDD1F5FE9B300482345 /* test */ = {
			isa = PBXNativeTarget;
			buildConfigurationList = FB09AD0B1F5FE9B300482345 /* Build configuration list for PBXNativeTarget "test" */;
			buildPhases = (
				FB09ACDA1F5FE9B300482345 /* Sources */,
				FB09ACDB1F5FE9B300482345 /* Frameworks */,
				FB09ACDC1F5FE9B300482345 /* Resources */,
			);
			buildRules = (
			);
			dependencies = (
			);
			name = test;
			productName = test;
			productReference = FB09ACDE1F5FE9B300482345 /* test.app */;
			productType = "com.apple.product-type.application";
		};
		FB09ACF61F5FE9B300482345 /* testTests */ = {
			isa = PBXNativeTarget;
			buildConfigurationList = FB09AD0E1F5FE9B300482345 /* Build configuration list for PBXNativeTarget "testTests" */;
			buildPhases = (
				FB09ACF31F5FE9B300482345 /* Sources */,
				FB09ACF41F5FE9B300482345 /* Frameworks */,
				FB09ACF51F5FE9B300482345 /* Resources */,
			);
			buildRules = (
			);
			dependencies = (
				FB09ACF91F5FE9B300482345 /* PBXTargetDependency */,
			);
			name = testTests;
			productName = testTests;
			productReference = FB09ACF71F5FE9B300482345 /* testTests.xctest */;
			productType = "com.apple.product-type.bundle.unit-test";
		};
		FB09AD011F5FE9B300482345 /* testUITests */ = {
			isa = PBXNativeTarget;
			buildConfigurationList = FB09AD111F5FE9B300482345 /* Build configuration list for PBXNativeTarget "testUITests" */;
			buildPhases = (
				FB09ACFE1F5FE9B300482345 /* Sources */,
				FB09ACFF1F5FE9B300482345 /* Frameworks */,
				FB09AD001F5FE9B300482345 /* Resources */,
			);
			buildRules = (
			);
			dependencies = (
				FB09AD041F5FE9B300482345 /* PBXTargetDependency */,
			);
			name = testUITests;
			productName = testUITests;
			productReference = FB09AD021F5FE9B300482345 /* testUITests.xctest */;
			productType = "com.apple.product-type.bundle.ui-testing";
		};
/* End PBXNativeTarget section */

/* Begin PBXProject section */
		FB09ACD61F5FE9B300482345 /* Project object */ = {
			isa = PBXProject;
			attributes = {
				LastUpgradeCheck = 0830;
				ORGANIZATIONNAME = maple;
				TargetAttributes = {
					FB09ACDD1F5FE9B300482345 = {
						CreatedOnToolsVersion = 8.3.3;
						DevelopmentTeam = M892P9SSGG;
						ProvisioningStyle = Automatic;
					};
					FB09ACF61F5FE9B300482345 = {
						CreatedOnToolsVersion = 8.3.3;
						DevelopmentTeam = 6H7K3S46CE;
						ProvisioningStyle = Automatic;
						TestTargetID = FB09ACDD1F5FE9B300482345;
					};
					FB09AD011F5FE9B300482345 = {
						CreatedOnToolsVersion = 8.3.3;
						DevelopmentTeam = 6H7K3S46CE;
						ProvisioningStyle = Automatic;
						TestTargetID = FB09ACDD1F5FE9B300482345;
					};
				};
			};
			buildConfigurationList = FB09ACD91F5FE9B300482345 /* Build configuration list for PBXProject "test" */;
			compatibilityVersion = "Xcode 3.2";
			developmentRegion = English;
			hasScannedForEncodings = 0;
			knownRegions = (
				en,
				Base,
			);
			mainGroup = FB09ACD51F5FE9B300482345;
			productRefGroup = FB09ACDF1F5FE9B300482345 /* Products */;
			projectDirPath = "";
			projectRoot = "";
			targets = (
				FB09ACDD1F5FE9B300482345 /* test */,
				FB09ACF61F5FE9B300482345 /* testTests */,
				FB09AD011F5FE9B300482345 /* testUITests */,
			);
		};
/* End PBXProject section */

/* Begin PBXResourcesBuildPhase section */
		FB09ACDC1F5FE9B300482345 /* Resources */ = {
			isa = PBXResourcesBuildPhase;
			buildActionMask = 2147483647;
			files = (
				FB09ACF11F5FE9B300482345 /* LaunchScreen.storyboard in Resources */,
				FB09ACEE1F5FE9B300482345 /* Assets.xcassets in Resources */,
				FB09ACEC1F5FE9B300482345 /* Main.storyboard in Resources */,
			);
			runOnlyForDeploymentPostprocessing = 0;
		};
		FB09ACF51F5FE9B300482345 /* Resources */ = {
			isa = PBXResourcesBuildPhase;
			buildActionMask = 2147483647;
			files = (
			);
			runOnlyForDeploymentPostprocessing = 0;
		};
		FB09AD001F5FE9B300482345 /* Resources */ = {
			isa = PBXResourcesBuildPhase;
			buildActionMask = 2147483647;
			files = (
			);
			runOnlyForDeploymentPostprocessing = 0;
		};
/* End PBXResourcesBuildPhase section */

/* Begin PBXSourcesBuildPhase section */
		FB09ACDA1F5FE9B300482345 /* Sources */ = {
			isa = PBXSourcesBuildPhase;
			buildActionMask = 2147483647;
			files = (
				FB09ACE91F5FE9B300482345 /* ViewController.m in Sources */,
				FB09ACE61F5FE9B300482345 /* AppDelegate.m in Sources */,
				FB09AD191F5FEFC700482345 /* testViewController.m in Sources */,
				FB09ACE31F5FE9B300482345 /* main.m in Sources */,
			);
			runOnlyForDeploymentPostprocessing = 0;
		};
		FB09ACF31F5FE9B300482345 /* Sources */ = {
			isa = PBXSourcesBuildPhase;
			buildActionMask = 2147483647;
			files = (
				FB09ACFC1F5FE9B300482345 /* testTests.m in Sources */,
			);
			runOnlyForDeploymentPostprocessing = 0;
		};
		FB09ACFE1F5FE9B300482345 /* Sources */ = {
			isa = PBXSourcesBuildPhase;
			buildActionMask = 2147483647;
			files = (
				FB09AD071F5FE9B300482345 /* testUITests.m in Sources */,
			);
			runOnlyForDeploymentPostprocessing = 0;
		};
/* End PBXSourcesBuildPhase section */

/* Begin PBXTargetDependency section */
		FB09ACF91F5FE9B300482345 /* PBXTargetDependency */ = {
			isa = PBXTargetDependency;
			target = FB09ACDD1F5FE9B300482345 /* test */;
			targetProxy = FB09ACF81F5FE9B300482345 /* PBXContainerItemProxy */;
		};
		FB09AD041F5FE9B300482345 /* PBXTargetDependency */ = {
			isa = PBXTargetDependency;
			target = FB09ACDD1F5FE9B300482345 /* test */;
			targetProxy = FB09AD031F5FE9B300482345 /* PBXContainerItemProxy */;
		};
/* End PBXTargetDependency section */

/* Begin PBXVariantGroup section */
		FB09ACEA1F5FE9B300482345 /* Main.storyboard */ = {
			isa = PBXVariantGroup;
			children = (
				FB09ACEB1F5FE9B300482345 /* Base */,
			);
			name = Main.storyboard;
			sourceTree = "<group>";
		};
		FB09ACEF1F5FE9B300482345 /* LaunchScreen.storyboard */ = {
			isa = PBXVariantGroup;
			children = (
				FB09ACF01F5FE9B300482345 /* Base */,
			);
			name = LaunchScreen.storyboard;
			sourceTree = "<group>";
		};
/* End PBXVariantGroup section */

/* Begin XCBuildConfiguration section */
		FB09AD091F5FE9B300482345 /* Debug */ = {
			isa = XCBuildConfiguration;
			buildSettings = {
				ALWAYS_SEARCH_USER_PATHS = NO;
				CLANG_ANALYZER_NONNULL = YES;
				CLANG_ANALYZER_NUMBER_OBJECT_CONVERSION = YES_AGGRESSIVE;
				CLANG_CXX_LANGUAGE_STANDARD = "gnu++0x";
				CLANG_CXX_LIBRARY = "libc++";
				CLANG_ENABLE_MODULES = YES;
				CLANG_ENABLE_OBJC_ARC = YES;
				CLANG_WARN_BOOL_CONVERSION = YES;
				CLANG_WARN_CONSTANT_CONVERSION = YES;
				CLANG_WARN_DIRECT_OBJC_ISA_USAGE = YES_ERROR;
				CLANG_WARN_DOCUMENTATION_COMMENTS = YES;
				CLANG_WARN_EMPTY_BODY = YES;
				CLANG_WARN_ENUM_CONVERSION = YES;
				CLANG_WARN_INFINITE_RECURSION = YES;
				CLANG_WARN_INT_CONVERSION = YES;
				CLANG_WARN_OBJC_ROOT_CLASS = YES_ERROR;
				CLANG_WARN_SUSPICIOUS_MOVE = YES;
				CLANG_WARN_UNREACHABLE_CODE = YES;
				CLANG_WARN__DUPLICATE_METHOD_MATCH = YES;
				"CODE_SIGN_IDENTITY[sdk=iphoneos*]" = "iPhone Developer";
				COPY_PHASE_STRIP = NO;
				DEBUG_INFORMATION_FORMAT = dwarf;
				ENABLE_STRICT_OBJC_MSGSEND = YES;
				ENABLE_TESTABILITY = YES;
				GCC_C_LANGUAGE_STANDARD = gnu99;
				GCC_DYNAMIC_NO_PIC = NO;
				GCC_NO_COMMON_BLOCKS = YES;
				GCC_OPTIMIZATION_LEVEL = 0;
				GCC_PREPROCESSOR_DEFINITIONS = (
					"DEBUG=1",
					"$(inherited)",
				);
				GCC_WARN_64_TO_32_BIT_CONVERSION = YES;
				GCC_WARN_ABOUT_RETURN_TYPE = YES_ERROR;
				GCC_WARN_UNDECLARED_SELECTOR = YES;
				GCC_WARN_UNINITIALIZED_AUTOS = YES_AGGRESSIVE;
				GCC_WARN_UNUSED_FUNCTION = YES;
				GCC_WARN_UNUSED_VARIABLE = YES;
				IPHONEOS_DEPLOYMENT_TARGET = 10.3;
				MTL_ENABLE_DEBUG_INFO = YES;
				ONLY_ACTIVE_ARCH = YES;
				SDKROOT = iphoneos;
			};
			name = Debug;
		};
		FB09AD0A1F5FE9B300482345 /* Release */ = {
			isa = XCBuildConfiguration;
			buildSettings = {
				ALWAYS_SEARCH_USER_PATHS = NO;
				CLANG_ANALYZER_NONNULL = YES;
				CLANG_ANALYZER_NUMBER_OBJECT_CONVERSION = YES_AGGRESSIVE;
				CLANG_CXX_LANGUAGE_STANDARD = "gnu++0x";
				CLANG_CXX_LIBRARY = "libc++";
				CLANG_ENABLE_MODULES = YES;
				CLANG_ENABLE_OBJC_ARC = YES;
				CLANG_WARN_BOOL_CONVERSION = YES;
				CLANG_WARN_CONSTANT_CONVERSION = YES;
				CLANG_WARN_DIRECT_OBJC_ISA_USAGE = YES_ERROR;
				CLANG_WARN_DOCUMENTATION_COMMENTS = YES;
				CLANG_WARN_EMPTY_BODY = YES;
				CLANG_WARN_ENUM_CONVERSION = YES;
				CLANG_WARN_INFINITE_RECURSION = YES;
				CLANG_WARN_INT_CONVERSION = YES;
				CLANG_WARN_OBJC_ROOT_CLASS = YES_ERROR;
				CLANG_WARN_SUSPICIOUS_MOVE = YES;
				CLANG_WARN_UNREACHABLE_CODE = YES;
				CLANG_WARN__DUPLICATE_METHOD_MATCH = YES;
				"CODE_SIGN_IDENTITY[sdk=iphoneos*]" = "iPhone Developer";
				COPY_PHASE_STRIP = NO;
				DEBUG_INFORMATION_FORMAT = "dwarf-with-dsym";
				ENABLE_NS_ASSERTIONS = NO;
				ENABLE_STRICT_OBJC_MSGSEND = YES;
				GCC_C_LANGUAGE_STANDARD = gnu99;
				GCC_NO_COMMON_BLOCKS = YES;
				GCC_WARN_64_TO_32_BIT_CONVERSION = YES;
				GCC_WARN_ABOUT_RETURN_TYPE = YES_ERROR;
				GCC_WARN_UNDECLARED_SELECTOR = YES;
				GCC_WARN_UNINITIALIZED_AUTOS = YES_AGGRESSIVE;
				GCC_WARN_UNUSED_FUNCTION = YES;
				GCC_WARN_UNUSED_VARIABLE = YES;
				IPHONEOS_DEPLOYMENT_TARGET = 10.3;
				MTL_ENABLE_DEBUG_INFO = NO;
				SDKROOT = iphoneos;
				VALIDATE_PRODUCT = YES;
			};
			name = Release;
		};
		FB09AD0C1F5FE9B300482345 /* Debug */ = {
			isa = XCBuildConfiguration;
			buildSettings = {
				ASSETCATALOG_COMPILER_APPICON_NAME = AppIcon;
				DEVELOPMENT_TEAM = M892P9SSGG;
				INFOPLIST_FILE = test/Info.plist;
				LD_RUNPATH_SEARCH_PATHS = "$(inherited) @executable_path/Frameworks";
				PRODUCT_BUNDLE_IDENTIFIER = com.test.test;
				PRODUCT_NAME = "$(TARGET_NAME)";
			};
			name = Debug;
		};
		FB09AD0D1F5FE9B300482345 /* Release */ = {
			isa = XCBuildConfiguration;
			buildSettings = {
				ASSETCATALOG_COMPILER_APPICON_NAME = AppIcon;
				DEVELOPMENT_TEAM = M892P9SSGG;
				INFOPLIST_FILE = test/Info.plist;
				LD_RUNPATH_SEARCH_PATHS = "$(inherited) @executable_path/Frameworks";
				PRODUCT_BUNDLE_IDENTIFIER = com.test.test;
				PRODUCT_NAME = "$(TARGET_NAME)";
			};
			name = Release;
		};
		FB09AD0F1F5FE9B300482345 /* Debug */ = {
			isa = XCBuildConfiguration;
			buildSettings = {
				BUNDLE_LOADER = "$(TEST_HOST)";
				DEVELOPMENT_TEAM = 6H7K3S46CE;
				INFOPLIST_FILE = testTests/Info.plist;
				LD_RUNPATH_SEARCH_PATHS = "$(inherited) @executable_path/Frameworks @loader_path/Frameworks";
				PRODUCT_BUNDLE_IDENTIFIER = com.test.testTests;
				PRODUCT_NAME = "$(TARGET_NAME)";
				TEST_HOST = "$(BUILT_PRODUCTS_DIR)/test.app/test";
			};
			name = Debug;
		};
		FB09AD101F5FE9B300482345 /* Release */ = {
			isa = XCBuildConfiguration;
			buildSettings = {
				BUNDLE_LOADER = "$(TEST_HOST)";
				DEVELOPMENT_TEAM = 6H7K3S46CE;
				INFOPLIST_FILE = testTests/Info.plist;
				LD_RUNPATH_SEARCH_PATHS = "$(inherited) @executable_path/Frameworks @loader_path/Frameworks";
				PRODUCT_BUNDLE_IDENTIFIER = com.test.testTests;
				PRODUCT_NAME = "$(TARGET_NAME)";
				TEST_HOST = "$(BUILT_PRODUCTS_DIR)/test.app/test";
			};
			name = Release;
		};
		FB09AD121F5FE9B300482345 /* Debug */ = {
			isa = XCBuildConfiguration;
			buildSettings = {
				DEVELOPMENT_TEAM = 6H7K3S46CE;
				INFOPLIST_FILE = testUITests/Info.plist;
				LD_RUNPATH_SEARCH_PATHS = "$(inherited) @executable_path/Frameworks @loader_path/Frameworks";
				PRODUCT_BUNDLE_IDENTIFIER = com.test.testUITests;
				PRODUCT_NAME = "$(TARGET_NAME)";
				TEST_TARGET_NAME = test;
			};
			name = Debug;
		};
		FB09AD131F5FE9B300482345 /* Release */ = {
			isa = XCBuildConfiguration;
			buildSettings = {
				DEVELOPMENT_TEAM = 6H7K3S46CE;
				INFOPLIST_FILE = testUITests/Info.plist;
				LD_RUNPATH_SEARCH_PATHS = "$(inherited) @executable_path/Frameworks @loader_path/Frameworks";
				PRODUCT_BUNDLE_IDENTIFIER = com.test.testUITests;
				PRODUCT_NAME = "$(TARGET_NAME)";
				TEST_TARGET_NAME = test;
			};
			name = Release;
		};
/* End XCBuildConfiguration section */

/* Begin XCConfigurationList section */
		FB09ACD91F5FE9B300482345 /* Build configuration list for PBXProject "test" */ = {
			isa = XCConfigurationList;
			buildConfigurations = (
				FB09AD091F5FE9B300482345 /* Debug */,
				FB09AD0A1F5FE9B300482345 /* Release */,
			);
			defaultConfigurationIsVisible = 0;
			defaultConfigurationName = Release;
		};
		FB09AD0B1F5FE9B300482345 /* Build configuration list for PBXNativeTarget "test" */ = {
			isa = XCConfigurationList;
			buildConfigurations = (
				FB09AD0C1F5FE9B300482345 /* Debug */,
				FB09AD0D1F5FE9B300482345 /* Release */,
			);
			defaultConfigurationIsVisible = 0;
		};
		FB09AD0E1F5FE9B300482345 /* Build configuration list for PBXNativeTarget "testTests" */ = {
			isa = XCConfigurationList;
			buildConfigurations = (
				FB09AD0F1F5FE9B300482345 /* Debug */,
				FB09AD101F5FE9B300482345 /* Release */,
			);
			defaultConfigurationIsVisible = 0;
		};
		FB09AD111F5FE9B300482345 /* Build configuration list for PBXNativeTarget "testUITests" */ = {
			isa = XCConfigurationList;
			buildConfigurations = (
				FB09AD121F5FE9B300482345 /* Debug */,
				FB09AD131F5FE9B300482345 /* Release */,
			);
			defaultConfigurationIsVisible = 0;
		};
/* End XCConfigurationList section */
	};
	rootObject = FB09ACD61F5FE9B300482345 /* Project object */;
}
